
Microsoft Visual Studio Solution File, Format Version 12.00
# Visual Studio Version 16
VisualStudioVersion = 16.0.31205.134
MinimumVisualStudioVersion = 10.0.40219.1
Project("{FAE04EC0-301F-11D3-BF4B-00C04F79EFBC}") = "TransportManagementFEProject", "TransportManagementFEProject\TransportManagementFEProject.csproj", "{A2B724BB-22F3-46B1-A71B-C08115B251F9}"
EndProject
Project("{FAE04EC0-301F-11D3-BF4B-00C04F79EFBC}") = "TransportManagementBLLibrary", "TransportManagementBLLibrary\TransportManagementBLLibrary.csproj", "{54E77481-235D-402C-89E8-29575A4BE2E6}"
EndProject
Global
	GlobalSection(SolutionConfigurationPlatforms) = preSolution
		Debug|Any CPU = Debug|Any CPU
		Release|Any CPU = Release|Any CPU
	EndGlobalSection
	GlobalSection(ProjectConfigurationPlatforms) = postSolution
		{A2B724BB-22F3-46B1-A71B-C08115B251F9}.Debug|Any CPU.ActiveCfg = Debug|Any CPU
		{A2B724BB-22F3-46B1-A71B-C08115B251F9}.Debug|Any CPU.Build.0 = Debug|Any CPU
		{A2B724BB-22F3-46B1-A71B-C08115B251F9}.Release|Any CPU.ActiveCfg = Release|Any CPU
		{A2B724BB-22F3-46B1-A71B-C08115B251F9}.Release|Any CPU.Build.0 = Release|Any CPU
		{54E77481-235D-402C-89E8-29575A4BE2E6}.Debug|Any CPU.ActiveCfg = Debug|Any CPU
		{54E77481-235D-402C-89E8-29575A4BE2E6}.Debug|Any CPU.Build.0 = Debug|Any CPU
		{54E77481-235D-402C-89E8-29575A4BE2E6}.Release|Any CPU.ActiveCfg = Release|Any CPU
		{54E77481-235D-402C-89E8-29575A4BE2E6}.Release|Any CPU.Build.0 = Release|Any CPU
	EndGlobalSection
	GlobalSection(SolutionProperties) = preSolution
		HideSolutionNode = FALSE
	EndGlobalSection
	GlobalSection(ExtensibilityGlobals) = postSolution
		SolutionGuid = {FDBFFABD-1F35-43CB-83D4-9922EBA7B724}
	EndGlobalSection
EndGlobal
